
Microsoft Visual Studio Solution File, Format Version 12.00
# Visual Studio Version 16
VisualStudioVersion = 16.0.32630.194
MinimumVisualStudioVersion = 10.0.40219.1
Project("{FAE04EC0-301F-11D3-BF4B-00C04F79EFBC}") = "CiceroParser", "CiceroParser\CiceroParser.csproj", "{62839FCF-A663-44C1-B802-8D44FBDCFE28}"
EndProject
Global
	GlobalSection(SolutionConfigurationPlatforms) = preSolution
		Debug|Any CPU = Debug|Any CPU
		Release|Any CPU = Release|Any CPU
	EndGlobalSection
	GlobalSection(ProjectConfigurationPlatforms) = postSolution
		{62839FCF-A663-44C1-B802-8D44FBDCFE28}.Debug|Any CPU.ActiveCfg = Debug|Any CPU
		{62839FCF-A663-44C1-B802-8D44FBDCFE28}.Debug|Any CPU.Build.0 = Debug|Any CPU
		{62839FCF-A663-44C1-B802-8D44FBDCFE28}.Release|Any CPU.ActiveCfg = Release|Any CPU
		{62839FCF-A663-44C1-B802-8D44FBDCFE28}.Release|Any CPU.Build.0 = Release|Any CPU
	EndGlobalSection
	GlobalSection(SolutionProperties) = preSolution
		HideSolutionNode = FALSE
	EndGlobalSection
	GlobalSection(ExtensibilityGlobals) = postSolution
		SolutionGuid = {599FBBD3-50DC-4A8F-85F2-AAF8E3F6115C}
	EndGlobalSection
EndGlobal
